
Microsoft Visual Studio Solution File, Format Version 12.00
# Visual Studio Version 17
VisualStudioVersion = 17.5.002.0
MinimumVisualStudioVersion = 10.0.40219.1
Project("{9A19103F-16F7-4668-BE54-9A1E7A4F7556}") = "Урок 3", "Урок 3.csproj", "{3B55FE9A-4169-40F8-A1B6-CE774305E178}"
EndProject
Global
	GlobalSection(SolutionConfigurationPlatforms) = preSolution
		Debug|Any CPU = Debug|Any CPU
		Release|Any CPU = Release|Any CPU
	EndGlobalSection
	GlobalSection(ProjectConfigurationPlatforms) = postSolution
		{3B55FE9A-4169-40F8-A1B6-CE774305E178}.Debug|Any CPU.ActiveCfg = Debug|Any CPU
		{3B55FE9A-4169-40F8-A1B6-CE774305E178}.Debug|Any CPU.Build.0 = Debug|Any CPU
		{3B55FE9A-4169-40F8-A1B6-CE774305E178}.Release|Any CPU.ActiveCfg = Release|Any CPU
		{3B55FE9A-4169-40F8-A1B6-CE774305E178}.Release|Any CPU.Build.0 = Release|Any CPU
	EndGlobalSection
	GlobalSection(SolutionProperties) = preSolution
		HideSolutionNode = FALSE
	EndGlobalSection
	GlobalSection(ExtensibilityGlobals) = postSolution
		SolutionGuid = {3CD51E5C-551A-4540-9FFE-35D46433789B}
	EndGlobalSection
EndGlobal
